
Microsoft Visual Studio Solution File, Format Version 12.00
# Visual Studio Version 17
VisualStudioVersion = 17.9.34728.123
MinimumVisualStudioVersion = 10.0.40219.1
Project("{FAE04EC0-301F-11D3-BF4B-00C04F79EFBC}") = "AppApi", "AppApi\AppApi.csproj", "{0DF506D2-87FC-410B-A6E3-DD32A7FEB4BE}"
EndProject
Global
	GlobalSection(SolutionConfigurationPlatforms) = preSolution
		Debug|Any CPU = Debug|Any CPU
		Release|Any CPU = Release|Any CPU
	EndGlobalSection
	GlobalSection(ProjectConfigurationPlatforms) = postSolution
		{0DF506D2-87FC-410B-A6E3-DD32A7FEB4BE}.Debug|Any CPU.ActiveCfg = Debug|Any CPU
		{0DF506D2-87FC-410B-A6E3-DD32A7FEB4BE}.Debug|Any CPU.Build.0 = Debug|Any CPU
		{0DF506D2-87FC-410B-A6E3-DD32A7FEB4BE}.Release|Any CPU.ActiveCfg = Release|Any CPU
		{0DF506D2-87FC-410B-A6E3-DD32A7FEB4BE}.Release|Any CPU.Build.0 = Release|Any CPU
	EndGlobalSection
	GlobalSection(SolutionProperties) = preSolution
		HideSolutionNode = FALSE
	EndGlobalSection
	GlobalSection(ExtensibilityGlobals) = postSolution
		SolutionGuid = {9D19E406-5A25-4BED-9C93-0E27470EA0E8}
	EndGlobalSection
EndGlobal
